// !$*UTF8*$!
{
	archiveVersion = 1;
	classes = {
	};
	objectVersion = 46;
	objects = {

/* Begin PBXBuildFile section */
		AA4833791C70830500D064A7 /* Fourier_Lab.cpp in Sources */ = {isa = PBXBuildFile; fileRef = AA4833781C70830500D064A7 /* Fourier_Lab.cpp */; };
		AA821E421C70BC0800CC9444 /* MyTimer.cpp in Sources */ = {isa = PBXBuildFile; fileRef = AA821E401C70BC0800CC9444 /* MyTimer.cpp */; };
/* End PBXBuildFile section */

/* Begin PBXCopyFilesBuildPhase section */
		AA4833731C70830500D064A7 /* CopyFiles */ = {
			isa = PBXCopyFilesBuildPhase;
			buildActionMask = 2147483647;
			dstPath = /usr/share/man/man1/;
			dstSubfolderSpec = 0;
			files = (
			);
			runOnlyForDeploymentPostprocessing = 1;
		};
/* End PBXCopyFilesBuildPhase section */

/* Begin PBXFileReference section */
		AA4833751C70830500D064A7 /* Fourier_Lab */ = {isa = PBXFileReference; explicitFileType = "compiled.mach-o.executable"; includeInIndex = 0; path = Fourier_Lab; sourceTree = BUILT_PRODUCTS_DIR; };
		AA4833781C70830500D064A7 /* Fourier_Lab.cpp */ = {isa = PBXFileReference; lastKnownFileType = sourcecode.cpp.cpp; path = Fourier_Lab.cpp; sourceTree = "<group>"; };
		AA821E3E1C70861100CC9444 /* MyFunc.h */ = {isa = PBXFileReference; lastKnownFileType = sourcecode.c.h; path = MyFunc.h; sourceTree = "<group>"; };
		AA821E3F1C70862F00CC9444 /* NormalFunc.h */ = {isa = PBXFileReference; lastKnownFileType = sourcecode.c.h; path = NormalFunc.h; sourceTree = "<group>"; };
		AA821E401C70BC0800CC9444 /* MyTimer.cpp */ = {isa = PBXFileReference; fileEncoding = 4; lastKnownFileType = sourcecode.cpp.cpp; name = MyTimer.cpp; path = ../../SIMD_Lab/SIMD_Lab/MyTimer/MyTimer.cpp; sourceTree = "<group>"; };
		AA821E411C70BC0800CC9444 /* MyTimer.h */ = {isa = PBXFileReference; fileEncoding = 4; lastKnownFileType = sourcecode.c.h; name = MyTimer.h; path = ../../SIMD_Lab/SIMD_Lab/MyTimer/MyTimer.h; sourceTree = "<group>"; };
		AAFC80801C7DDE04001204ED /* Plotter.h */ = {isa = PBXFileReference; lastKnownFileType = sourcecode.c.h; path = Plotter.h; sourceTree = "<group>"; };
		AAFC80811C7DE00E001204ED /* Plot.py */ = {isa = PBXFileReference; fileEncoding = 4; lastKnownFileType = text.script.python; path = Plot.py; sourceTree = "<group>"; };
/* End PBXFileReference section */

/* Begin PBXFrameworksBuildPhase section */
		AA4833721C70830500D064A7 /* Frameworks */ = {
			isa = PBXFrameworksBuildPhase;
			buildActionMask = 2147483647;
			files = (
			);
			runOnlyForDeploymentPostprocessing = 0;
		};
/* End PBXFrameworksBuildPhase section */

/* Begin PBXGroup section */
		AA48336C1C70830500D064A7 = {
			isa = PBXGroup;
			children = (
				AA4833771C70830500D064A7 /* Fourier_Lab */,
				AA4833761C70830500D064A7 /* Products */,
			);
			sourceTree = "<group>";
		};
		AA4833761C70830500D064A7 /* Products */ = {
			isa = PBXGroup;
			children = (
				AA4833751C70830500D064A7 /* Fourier_Lab */,
			);
			name = Products;
			sourceTree = "<group>";
		};
		AA4833771C70830500D064A7 /* Fourier_Lab */ = {
			isa = PBXGroup;
			children = (
				AA4833781C70830500D064A7 /* Fourier_Lab.cpp */,
				AA821E3E1C70861100CC9444 /* MyFunc.h */,
				AA821E3F1C70862F00CC9444 /* NormalFunc.h */,
				AA821E401C70BC0800CC9444 /* MyTimer.cpp */,
				AA821E411C70BC0800CC9444 /* MyTimer.h */,
				AAFC80801C7DDE04001204ED /* Plotter.h */,
				AAFC80811C7DE00E001204ED /* Plot.py */,
			);
			path = Fourier_Lab;
			sourceTree = "<group>";
		};
/* End PBXGroup section */

/* Begin PBXNativeTarget section */
		AA4833741C70830500D064A7 /* Fourier_Lab */ = {
			isa = PBXNativeTarget;
			buildConfigurationList = AA48337C1C70830500D064A7 /* Build configuration list for PBXNativeTarget "Fourier_Lab" */;
			buildPhases = (
				AA4833711C70830500D064A7 /* Sources */,
				AA4833721C70830500D064A7 /* Frameworks */,
				AA4833731C70830500D064A7 /* CopyFiles */,
			);
			buildRules = (
			);
			dependencies = (
			);
			name = Fourier_Lab;
			productName = Fourier_Lab;
			productReference = AA4833751C70830500D064A7 /* Fourier_Lab */;
			productType = "com.apple.product-type.tool";
		};
/* End PBXNativeTarget section */

/* Begin PBXProject section */
		AA48336D1C70830500D064A7 /* Project object */ = {
			isa = PBXProject;
			attributes = {
				LastUpgradeCheck = 0720;
				ORGANIZATIONNAME = kayama;
				TargetAttributes = {
					AA4833741C70830500D064A7 = {
						CreatedOnToolsVersion = 7.2.1;
					};
				};
			};
			buildConfigurationList = AA4833701C70830500D064A7 /* Build configuration list for PBXProject "Fourier_Lab" */;
			compatibilityVersion = "Xcode 3.2";
			developmentRegion = English;
			hasScannedForEncodings = 0;
			knownRegions = (
				en,
			);
			mainGroup = AA48336C1C70830500D064A7;
			productRefGroup = AA4833761C70830500D064A7 /* Products */;
			projectDirPath = "";
			projectRoot = "";
			targets = (
				AA4833741C70830500D064A7 /* Fourier_Lab */,
			);
		};
/* End PBXProject section */

/* Begin PBXSourcesBuildPhase section */
		AA4833711C70830500D064A7 /* Sources */ = {
			isa = PBXSourcesBuildPhase;
			buildActionMask = 2147483647;
			files = (
				AA4833791C70830500D064A7 /* Fourier_Lab.cpp in Sources */,
				AA821E421C70BC0800CC9444 /* MyTimer.cpp in Sources */,
			);
			runOnlyForDeploymentPostprocessing = 0;
		};
/* End PBXSourcesBuildPhase section */

/* Begin XCBuildConfiguration section */
		AA48337A1C70830500D064A7 /* Debug */ = {
			isa = XCBuildConfiguration;
			buildSettings = {
				ALWAYS_SEARCH_USER_PATHS = NO;
				CLANG_CXX_LANGUAGE_STANDARD = "gnu++0x";
				CLANG_CXX_LIBRARY = "libc++";
				CLANG_ENABLE_MODULES = YES;
				CLANG_ENABLE_OBJC_ARC = YES;
				CLANG_WARN_BOOL_CONVERSION = YES;
				CLANG_WARN_CONSTANT_CONVERSION = YES;
				CLANG_WARN_DIRECT_OBJC_ISA_USAGE = YES_ERROR;
				CLANG_WARN_EMPTY_BODY = YES;
				CLANG_WARN_ENUM_CONVERSION = YES;
				CLANG_WARN_INT_CONVERSION = YES;
				CLANG_WARN_OBJC_ROOT_CLASS = YES_ERROR;
				CLANG_WARN_UNREACHABLE_CODE = YES;
				CLANG_WARN__DUPLICATE_METHOD_MATCH = YES;
				CODE_SIGN_IDENTITY = "-";
				COPY_PHASE_STRIP = NO;
				DEBUG_INFORMATION_FORMAT = dwarf;
				ENABLE_STRICT_OBJC_MSGSEND = YES;
				ENABLE_TESTABILITY = YES;
				GCC_C_LANGUAGE_STANDARD = gnu99;
				GCC_DYNAMIC_NO_PIC = NO;
				GCC_NO_COMMON_BLOCKS = YES;
				GCC_OPTIMIZATION_LEVEL = 0;
				GCC_PREPROCESSOR_DEFINITIONS = (
					"DEBUG=1",
					"$(inherited)",
				);
				GCC_WARN_64_TO_32_BIT_CONVERSION = YES;
				GCC_WARN_ABOUT_RETURN_TYPE = YES_ERROR;
				GCC_WARN_UNDECLARED_SELECTOR = YES;
				GCC_WARN_UNINITIALIZED_AUTOS = YES_AGGRESSIVE;
				GCC_WARN_UNUSED_FUNCTION = YES;
				GCC_WARN_UNUSED_VARIABLE = YES;
				MACOSX_DEPLOYMENT_TARGET = 10.11;
				MTL_ENABLE_DEBUG_INFO = YES;
				ONLY_ACTIVE_ARCH = YES;
				SDKROOT = macosx;
			};
			name = Debug;
		};
		AA48337B1C70830500D064A7 /* Release */ = {
			isa = XCBuildConfiguration;
			buildSettings = {
				ALWAYS_SEARCH_USER_PATHS = NO;
				CLANG_CXX_LANGUAGE_STANDARD = "gnu++0x";
				CLANG_CXX_LIBRARY = "libc++";
				CLANG_ENABLE_MODULES = YES;
				CLANG_ENABLE_OBJC_ARC = YES;
				CLANG_WARN_BOOL_CONVERSION = YES;
				CLANG_WARN_CONSTANT_CONVERSION = YES;
				CLANG_WARN_DIRECT_OBJC_ISA_USAGE = YES_ERROR;
				CLANG_WARN_EMPTY_BODY = YES;
				CLANG_WARN_ENUM_CONVERSION = YES;
				CLANG_WARN_INT_CONVERSION = YES;
				CLANG_WARN_OBJC_ROOT_CLASS = YES_ERROR;
				CLANG_WARN_UNREACHABLE_CODE = YES;
				CLANG_WARN__DUPLICATE_METHOD_MATCH = YES;
				CODE_SIGN_IDENTITY = "-";
				COPY_PHASE_STRIP = NO;
				DEBUG_INFORMATION_FORMAT = "dwarf-with-dsym";
				ENABLE_NS_ASSERTIONS = NO;
				ENABLE_STRICT_OBJC_MSGSEND = YES;
				GCC_C_LANGUAGE_STANDARD = gnu99;
				GCC_NO_COMMON_BLOCKS = YES;
				GCC_WARN_64_TO_32_BIT_CONVERSION = YES;
				GCC_WARN_ABOUT_RETURN_TYPE = YES_ERROR;
				GCC_WARN_UNDECLARED_SELECTOR = YES;
				GCC_WARN_UNINITIALIZED_AUTOS = YES_AGGRESSIVE;
				GCC_WARN_UNUSED_FUNCTION = YES;
				GCC_WARN_UNUSED_VARIABLE = YES;
				MACOSX_DEPLOYMENT_TARGET = 10.11;
				MTL_ENABLE_DEBUG_INFO = NO;
				SDKROOT = macosx;
			};
			name = Release;
		};
		AA48337D1C70830500D064A7 /* Debug */ = {
			isa = XCBuildConfiguration;
			buildSettings = {
				GCC_OPTIMIZATION_LEVEL = s;
				PRODUCT_NAME = "$(TARGET_NAME)";
			};
			name = Debug;
		};
		AA48337E1C70830500D064A7 /* Release */ = {
			isa = XCBuildConfiguration;
			buildSettings = {
				GCC_OPTIMIZATION_LEVEL = s;
				PRODUCT_NAME = "$(TARGET_NAME)";
			};
			name = Release;
		};
/* End XCBuildConfiguration section */

/* Begin XCConfigurationList section */
		AA4833701C70830500D064A7 /* Build configuration list for PBXProject "Fourier_Lab" */ = {
			isa = XCConfigurationList;
			buildConfigurations = (
				AA48337A1C70830500D064A7 /* Debug */,
				AA48337B1C70830500D064A7 /* Release */,
			);
			defaultConfigurationIsVisible = 0;
			defaultConfigurationName = Release;
		};
		AA48337C1C70830500D064A7 /* Build configuration list for PBXNativeTarget "Fourier_Lab" */ = {
			isa = XCConfigurationList;
			buildConfigurations = (
				AA48337D1C70830500D064A7 /* Debug */,
				AA48337E1C70830500D064A7 /* Release */,
			);
			defaultConfigurationIsVisible = 0;
			defaultConfigurationName = Release;
		};
/* End XCConfigurationList section */
	};
	rootObject = AA48336D1C70830500D064A7 /* Project object */;
}
